// !$*UTF8*$!
{
	archiveVersion = 1;
	classes = {
	};
	objectVersion = 56;
	objects = {

/* Begin PBXBuildFile section */
		F974302B2913CDAD004A94A5 /* MakeFriendTabApp.swift in Sources */ = {isa = PBXBuildFile; fileRef = F974302A2913CDAD004A94A5 /* MakeFriendTabApp.swift */; };
		F974302D2913CDAD004A94A5 /* ContentView.swift in Sources */ = {isa = PBXBuildFile; fileRef = F974302C2913CDAD004A94A5 /* ContentView.swift */; };
		F974302F2913CDAE004A94A5 /* Assets.xcassets in Resources */ = {isa = PBXBuildFile; fileRef = F974302E2913CDAE004A94A5 /* Assets.xcassets */; };
		F97430322913CDAE004A94A5 /* Preview Assets.xcassets in Resources */ = {isa = PBXBuildFile; fileRef = F97430312913CDAE004A94A5 /* Preview Assets.xcassets */; };
		F974303A2913CE23004A94A5 /* Kingfisher in Frameworks */ = {isa = PBXBuildFile; productRef = F97430392913CE23004A94A5 /* Kingfisher */; };
		F974303D2913CE33004A94A5 /* Alamofire in Frameworks */ = {isa = PBXBuildFile; productRef = F974303C2913CE33004A94A5 /* Alamofire */; };
		F97430412913D088004A94A5 /* SearchUserRouter.swift in Sources */ = {isa = PBXBuildFile; fileRef = F97430402913D088004A94A5 /* SearchUserRouter.swift */; };
		F97430432914A3E8004A94A5 /* SearchUserUseCase.swift in Sources */ = {isa = PBXBuildFile; fileRef = F97430422914A3E8004A94A5 /* SearchUserUseCase.swift */; };
		F97430452914A7B1004A94A5 /* ContentViewModel.swift in Sources */ = {isa = PBXBuildFile; fileRef = F97430442914A7B1004A94A5 /* ContentViewModel.swift */; };
/* End PBXBuildFile section */

/* Begin PBXFileReference section */
		F97430272913CDAD004A94A5 /* MakeFriendTab.app */ = {isa = PBXFileReference; explicitFileType = wrapper.application; includeInIndex = 0; path = MakeFriendTab.app; sourceTree = BUILT_PRODUCTS_DIR; };
		F974302A2913CDAD004A94A5 /* MakeFriendTabApp.swift */ = {isa = PBXFileReference; lastKnownFileType = sourcecode.swift; path = MakeFriendTabApp.swift; sourceTree = "<group>"; };
		F974302C2913CDAD004A94A5 /* ContentView.swift */ = {isa = PBXFileReference; lastKnownFileType = sourcecode.swift; path = ContentView.swift; sourceTree = "<group>"; };
		F974302E2913CDAE004A94A5 /* Assets.xcassets */ = {isa = PBXFileReference; lastKnownFileType = folder.assetcatalog; path = Assets.xcassets; sourceTree = "<group>"; };
		F97430312913CDAE004A94A5 /* Preview Assets.xcassets */ = {isa = PBXFileReference; lastKnownFileType = folder.assetcatalog; path = "Preview Assets.xcassets"; sourceTree = "<group>"; };
		F97430402913D088004A94A5 /* SearchUserRouter.swift */ = {isa = PBXFileReference; lastKnownFileType = sourcecode.swift; path = SearchUserRouter.swift; sourceTree = "<group>"; };
		F97430422914A3E8004A94A5 /* SearchUserUseCase.swift */ = {isa = PBXFileReference; lastKnownFileType = sourcecode.swift; path = SearchUserUseCase.swift; sourceTree = "<group>"; };
		F97430442914A7B1004A94A5 /* ContentViewModel.swift */ = {isa = PBXFileReference; lastKnownFileType = sourcecode.swift; path = ContentViewModel.swift; sourceTree = "<group>"; };
/* End PBXFileReference section */

/* Begin PBXFrameworksBuildPhase section */
		F97430242913CDAD004A94A5 /* Frameworks */ = {
			isa = PBXFrameworksBuildPhase;
			buildActionMask = 2147483647;
			files = (
				F974303A2913CE23004A94A5 /* Kingfisher in Frameworks */,
				F974303D2913CE33004A94A5 /* Alamofire in Frameworks */,
			);
			runOnlyForDeploymentPostprocessing = 0;
		};
/* End PBXFrameworksBuildPhase section */

/* Begin PBXGroup section */
		F974301E2913CDAD004A94A5 = {
			isa = PBXGroup;
			children = (
				F97430292913CDAD004A94A5 /* MakeFriendTab */,
				F97430282913CDAD004A94A5 /* Products */,
			);
			sourceTree = "<group>";
		};
		F97430282913CDAD004A94A5 /* Products */ = {
			isa = PBXGroup;
			children = (
				F97430272913CDAD004A94A5 /* MakeFriendTab.app */,
			);
			name = Products;
			sourceTree = "<group>";
		};
		F97430292913CDAD004A94A5 /* MakeFriendTab */ = {
			isa = PBXGroup;
			children = (
				F97430442914A7B1004A94A5 /* ContentViewModel.swift */,
				F974302A2913CDAD004A94A5 /* MakeFriendTabApp.swift */,
				F974302C2913CDAD004A94A5 /* ContentView.swift */,
				F97430422914A3E8004A94A5 /* SearchUserUseCase.swift */,
				F97430402913D088004A94A5 /* SearchUserRouter.swift */,
				F974302E2913CDAE004A94A5 /* Assets.xcassets */,
				F97430302913CDAE004A94A5 /* Preview Content */,
			);
			path = MakeFriendTab;
			sourceTree = "<group>";
		};
		F97430302913CDAE004A94A5 /* Preview Content */ = {
			isa = PBXGroup;
			children = (
				F97430312913CDAE004A94A5 /* Preview Assets.xcassets */,
			);
			path = "Preview Content";
			sourceTree = "<group>";
		};
/* End PBXGroup section */

/* Begin PBXNativeTarget section */
		F97430262913CDAD004A94A5 /* MakeFriendTab */ = {
			isa = PBXNativeTarget;
			buildConfigurationList = F97430352913CDAE004A94A5 /* Build configuration list for PBXNativeTarget "MakeFriendTab" */;
			buildPhases = (
				F97430232913CDAD004A94A5 /* Sources */,
				F97430242913CDAD004A94A5 /* Frameworks */,
				F97430252913CDAD004A94A5 /* Resources */,
			);
			buildRules = (
			);
			dependencies = (
			);
			name = MakeFriendTab;
			packageProductDependencies = (
				F97430392913CE23004A94A5 /* Kingfisher */,
				F974303C2913CE33004A94A5 /* Alamofire */,
			);
			productName = MakeFriendTab;
			productReference = F97430272913CDAD004A94A5 /* MakeFriendTab.app */;
			productType = "com.apple.product-type.application";
		};
/* End PBXNativeTarget section */

/* Begin PBXProject section */
		F974301F2913CDAD004A94A5 /* Project object */ = {
			isa = PBXProject;
			attributes = {
				BuildIndependentTargetsInParallel = 1;
				LastSwiftUpdateCheck = 1400;
				LastUpgradeCheck = 1400;
				TargetAttributes = {
					F97430262913CDAD004A94A5 = {
						CreatedOnToolsVersion = 14.0.1;
					};
				};
			};
			buildConfigurationList = F97430222913CDAD004A94A5 /* Build configuration list for PBXProject "MakeFriendTab" */;
			compatibilityVersion = "Xcode 14.0";
			developmentRegion = en;
			hasScannedForEncodings = 0;
			knownRegions = (
				en,
				Base,
			);
			mainGroup = F974301E2913CDAD004A94A5;
			packageReferences = (
				F97430382913CE23004A94A5 /* XCRemoteSwiftPackageReference "Kingfisher" */,
				F974303B2913CE33004A94A5 /* XCRemoteSwiftPackageReference "Alamofire" */,
			);
			productRefGroup = F97430282913CDAD004A94A5 /* Products */;
			projectDirPath = "";
			projectRoot = "";
			targets = (
				F97430262913CDAD004A94A5 /* MakeFriendTab */,
			);
		};
/* End PBXProject section */

/* Begin PBXResourcesBuildPhase section */
		F97430252913CDAD004A94A5 /* Resources */ = {
			isa = PBXResourcesBuildPhase;
			buildActionMask = 2147483647;
			files = (
				F97430322913CDAE004A94A5 /* Preview Assets.xcassets in Resources */,
				F974302F2913CDAE004A94A5 /* Assets.xcassets in Resources */,
			);
			runOnlyForDeploymentPostprocessing = 0;
		};
/* End PBXResourcesBuildPhase section */

/* Begin PBXSourcesBuildPhase section */
		F97430232913CDAD004A94A5 /* Sources */ = {
			isa = PBXSourcesBuildPhase;
			buildActionMask = 2147483647;
			files = (
				F97430432914A3E8004A94A5 /* SearchUserUseCase.swift in Sources */,
				F974302D2913CDAD004A94A5 /* ContentView.swift in Sources */,
				F974302B2913CDAD004A94A5 /* MakeFriendTabApp.swift in Sources */,
				F97430412913D088004A94A5 /* SearchUserRouter.swift in Sources */,
				F97430452914A7B1004A94A5 /* ContentViewModel.swift in Sources */,
			);
			runOnlyForDeploymentPostprocessing = 0;
		};
/* End PBXSourcesBuildPhase section */

/* Begin XCBuildConfiguration section */
		F97430332913CDAE004A94A5 /* Debug */ = {
			isa = XCBuildConfiguration;
			buildSettings = {
				ALWAYS_SEARCH_USER_PATHS = NO;
				CLANG_ANALYZER_NONNULL = YES;
				CLANG_ANALYZER_NUMBER_OBJECT_CONVERSION = YES_AGGRESSIVE;
				CLANG_CXX_LANGUAGE_STANDARD = "gnu++20";
				CLANG_ENABLE_MODULES = YES;
				CLANG_ENABLE_OBJC_ARC = YES;
				CLANG_ENABLE_OBJC_WEAK = YES;
				CLANG_WARN_BLOCK_CAPTURE_AUTORELEASING = YES;
				CLANG_WARN_BOOL_CONVERSION = YES;
				CLANG_WARN_COMMA = YES;
				CLANG_WARN_CONSTANT_CONVERSION = YES;
				CLANG_WARN_DEPRECATED_OBJC_IMPLEMENTATIONS = YES;
				CLANG_WARN_DIRECT_OBJC_ISA_USAGE = YES_ERROR;
				CLANG_WARN_DOCUMENTATION_COMMENTS = YES;
				CLANG_WARN_EMPTY_BODY = YES;
				CLANG_WARN_ENUM_CONVERSION = YES;
				CLANG_WARN_INFINITE_RECURSION = YES;
				CLANG_WARN_INT_CONVERSION = YES;
				CLANG_WARN_NON_LITERAL_NULL_CONVERSION = YES;
				CLANG_WARN_OBJC_IMPLICIT_RETAIN_SELF = YES;
				CLANG_WARN_OBJC_LITERAL_CONVERSION = YES;
				CLANG_WARN_OBJC_ROOT_CLASS = YES_ERROR;
				CLANG_WARN_QUOTED_INCLUDE_IN_FRAMEWORK_HEADER = YES;
				CLANG_WARN_RANGE_LOOP_ANALYSIS = YES;
				CLANG_WARN_STRICT_PROTOTYPES = YES;
				CLANG_WARN_SUSPICIOUS_MOVE = YES;
				CLANG_WARN_UNGUARDED_AVAILABILITY = YES_AGGRESSIVE;
				CLANG_WARN_UNREACHABLE_CODE = YES;
				CLANG_WARN__DUPLICATE_METHOD_MATCH = YES;
				COPY_PHASE_STRIP = NO;
				DEBUG_INFORMATION_FORMAT = dwarf;
				ENABLE_STRICT_OBJC_MSGSEND = YES;
				ENABLE_TESTABILITY = YES;
				GCC_C_LANGUAGE_STANDARD = gnu11;
				GCC_DYNAMIC_NO_PIC = NO;
				GCC_NO_COMMON_BLOCKS = YES;
				GCC_OPTIMIZATION_LEVEL = 0;
				GCC_PREPROCESSOR_DEFINITIONS = (
					"DEBUG=1",
					"$(inherited)",
				);
				GCC_WARN_64_TO_32_BIT_CONVERSION = YES;
				GCC_WARN_ABOUT_RETURN_TYPE = YES_ERROR;
				GCC_WARN_UNDECLARED_SELECTOR = YES;
				GCC_WARN_UNINITIALIZED_AUTOS = YES_AGGRESSIVE;
				GCC_WARN_UNUSED_FUNCTION = YES;
				GCC_WARN_UNUSED_VARIABLE = YES;
				IPHONEOS_DEPLOYMENT_TARGET = 16.0;
				MTL_ENABLE_DEBUG_INFO = INCLUDE_SOURCE;
				MTL_FAST_MATH = YES;
				ONLY_ACTIVE_ARCH = YES;
				SDKROOT = iphoneos;
				SWIFT_ACTIVE_COMPILATION_CONDITIONS = DEBUG;
				SWIFT_OPTIMIZATION_LEVEL = "-Onone";
			};
			name = Debug;
		};
		F97430342913CDAE004A94A5 /* Release */ = {
			isa = XCBuildConfiguration;
			buildSettings = {
				ALWAYS_SEARCH_USER_PATHS = NO;
				CLANG_ANALYZER_NONNULL = YES;
				CLANG_ANALYZER_NUMBER_OBJECT_CONVERSION = YES_AGGRESSIVE;
				CLANG_CXX_LANGUAGE_STANDARD = "gnu++20";
				CLANG_ENABLE_MODULES = YES;
				CLANG_ENABLE_OBJC_ARC = YES;
				CLANG_ENABLE_OBJC_WEAK = YES;
				CLANG_WARN_BLOCK_CAPTURE_AUTORELEASING = YES;
				CLANG_WARN_BOOL_CONVERSION = YES;
				CLANG_WARN_COMMA = YES;
				CLANG_WARN_CONSTANT_CONVERSION = YES;
				CLANG_WARN_DEPRECATED_OBJC_IMPLEMENTATIONS = YES;
				CLANG_WARN_DIRECT_OBJC_ISA_USAGE = YES_ERROR;
				CLANG_WARN_DOCUMENTATION_COMMENTS = YES;
				CLANG_WARN_EMPTY_BODY = YES;
				CLANG_WARN_ENUM_CONVERSION = YES;
				CLANG_WARN_INFINITE_RECURSION = YES;
				CLANG_WARN_INT_CONVERSION = YES;
				CLANG_WARN_NON_LITERAL_NULL_CONVERSION = YES;
				CLANG_WARN_OBJC_IMPLICIT_RETAIN_SELF = YES;
				CLANG_WARN_OBJC_LITERAL_CONVERSION = YES;
				CLANG_WARN_OBJC_ROOT_CLASS = YES_ERROR;
				CLANG_WARN_QUOTED_INCLUDE_IN_FRAMEWORK_HEADER = YES;
				CLANG_WARN_RANGE_LOOP_ANALYSIS = YES;
				CLANG_WARN_STRICT_PROTOTYPES = YES;
				CLANG_WARN_SUSPICIOUS_MOVE = YES;
				CLANG_WARN_UNGUARDED_AVAILABILITY = YES_AGGRESSIVE;
				CLANG_WARN_UNREACHABLE_CODE = YES;
				CLANG_WARN__DUPLICATE_METHOD_MATCH = YES;
				COPY_PHASE_STRIP = NO;
				DEBUG_INFORMATION_FORMAT = "dwarf-with-dsym";
				ENABLE_NS_ASSERTIONS = NO;
				ENABLE_STRICT_OBJC_MSGSEND = YES;
				GCC_C_LANGUAGE_STANDARD = gnu11;
				GCC_NO_COMMON_BLOCKS = YES;
				GCC_WARN_64_TO_32_BIT_CONVERSION = YES;
				GCC_WARN_ABOUT_RETURN_TYPE = YES_ERROR;
				GCC_WARN_UNDECLARED_SELECTOR = YES;
				GCC_WARN_UNINITIALIZED_AUTOS = YES_AGGRESSIVE;
				GCC_WARN_UNUSED_FUNCTION = YES;
				GCC_WARN_UNUSED_VARIABLE = YES;
				IPHONEOS_DEPLOYMENT_TARGET = 16.0;
				MTL_ENABLE_DEBUG_INFO = NO;
				MTL_FAST_MATH = YES;
				SDKROOT = iphoneos;
				SWIFT_COMPILATION_MODE = wholemodule;
				SWIFT_OPTIMIZATION_LEVEL = "-O";
				VALIDATE_PRODUCT = YES;
			};
			name = Release;
		};
		F97430362913CDAE004A94A5 /* Debug */ = {
			isa = XCBuildConfiguration;
			buildSettings = {
				ASSETCATALOG_COMPILER_APPICON_NAME = AppIcon;
				ASSETCATALOG_COMPILER_GLOBAL_ACCENT_COLOR_NAME = AccentColor;
				CODE_SIGN_STYLE = Automatic;
				CURRENT_PROJECT_VERSION = 1;
				DEVELOPMENT_ASSET_PATHS = "\"MakeFriendTab/Preview Content\"";
				ENABLE_PREVIEWS = YES;
				GENERATE_INFOPLIST_FILE = YES;
				INFOPLIST_KEY_UIApplicationSceneManifest_Generation = YES;
				INFOPLIST_KEY_UIApplicationSupportsIndirectInputEvents = YES;
				INFOPLIST_KEY_UILaunchScreen_Generation = YES;
				INFOPLIST_KEY_UISupportedInterfaceOrientations_iPad = "UIInterfaceOrientationPortrait UIInterfaceOrientationPortraitUpsideDown UIInterfaceOrientationLandscapeLeft UIInterfaceOrientationLandscapeRight";
				INFOPLIST_KEY_UISupportedInterfaceOrientations_iPhone = "UIInterfaceOrientationPortrait UIInterfaceOrientationLandscapeLeft UIInterfaceOrientationLandscapeRight";
				LD_RUNPATH_SEARCH_PATHS = (
					"$(inherited)",
					"@executable_path/Frameworks",
				);
				MARKETING_VERSION = 1.0;
				PRODUCT_BUNDLE_IDENTIFIER = com.hoo.MakeFriendTab;
				PRODUCT_NAME = "$(TARGET_NAME)";
				SWIFT_EMIT_LOC_STRINGS = YES;
				SWIFT_VERSION = 5.0;
				TARGETED_DEVICE_FAMILY = "1,2";
			};
			name = Debug;
		};
		F97430372913CDAE004A94A5 /* Release */ = {
			isa = XCBuildConfiguration;
			buildSettings = {
				ASSETCATALOG_COMPILER_APPICON_NAME = AppIcon;
				ASSETCATALOG_COMPILER_GLOBAL_ACCENT_COLOR_NAME = AccentColor;
				CODE_SIGN_STYLE = Automatic;
				CURRENT_PROJECT_VERSION = 1;
				DEVELOPMENT_ASSET_PATHS = "\"MakeFriendTab/Preview Content\"";
				ENABLE_PREVIEWS = YES;
				GENERATE_INFOPLIST_FILE = YES;
				INFOPLIST_KEY_UIApplicationSceneManifest_Generation = YES;
				INFOPLIST_KEY_UIApplicationSupportsIndirectInputEvents = YES;
				INFOPLIST_KEY_UILaunchScreen_Generation = YES;
				INFOPLIST_KEY_UISupportedInterfaceOrientations_iPad = "UIInterfaceOrientationPortrait UIInterfaceOrientationPortraitUpsideDown UIInterfaceOrientationLandscapeLeft UIInterfaceOrientationLandscapeRight";
				INFOPLIST_KEY_UISupportedInterfaceOrientations_iPhone = "UIInterfaceOrientationPortrait UIInterfaceOrientationLandscapeLeft UIInterfaceOrientationLandscapeRight";
				LD_RUNPATH_SEARCH_PATHS = (
					"$(inherited)",
					"@executable_path/Frameworks",
				);
				MARKETING_VERSION = 1.0;
				PRODUCT_BUNDLE_IDENTIFIER = com.hoo.MakeFriendTab;
				PRODUCT_NAME = "$(TARGET_NAME)";
				SWIFT_EMIT_LOC_STRINGS = YES;
				SWIFT_VERSION = 5.0;
				TARGETED_DEVICE_FAMILY = "1,2";
			};
			name = Release;
		};
/* End XCBuildConfiguration section */

/* Begin XCConfigurationList section */
		F97430222913CDAD004A94A5 /* Build configuration list for PBXProject "MakeFriendTab" */ = {
			isa = XCConfigurationList;
			buildConfigurations = (
				F97430332913CDAE004A94A5 /* Debug */,
				F97430342913CDAE004A94A5 /* Release */,
			);
			defaultConfigurationIsVisible = 0;
			defaultConfigurationName = Release;
		};
		F97430352913CDAE004A94A5 /* Build configuration list for PBXNativeTarget "MakeFriendTab" */ = {
			isa = XCConfigurationList;
			buildConfigurations = (
				F97430362913CDAE004A94A5 /* Debug */,
				F97430372913CDAE004A94A5 /* Release */,
			);
			defaultConfigurationIsVisible = 0;
			defaultConfigurationName = Release;
		};
/* End XCConfigurationList section */

/* Begin XCRemoteSwiftPackageReference section */
		F97430382913CE23004A94A5 /* XCRemoteSwiftPackageReference "Kingfisher" */ = {
			isa = XCRemoteSwiftPackageReference;
			repositoryURL = "https://github.com/onevcat/Kingfisher.git";
			requirement = {
				kind = upToNextMajorVersion;
				minimumVersion = 7.0.0;
			};
		};
		F974303B2913CE33004A94A5 /* XCRemoteSwiftPackageReference "Alamofire" */ = {
			isa = XCRemoteSwiftPackageReference;
			repositoryURL = "https://github.com/Alamofire/Alamofire.git";
			requirement = {
				kind = upToNextMajorVersion;
				minimumVersion = 5.0.0;
			};
		};
/* End XCRemoteSwiftPackageReference section */

/* Begin XCSwiftPackageProductDependency section */
		F97430392913CE23004A94A5 /* Kingfisher */ = {
			isa = XCSwiftPackageProductDependency;
			package = F97430382913CE23004A94A5 /* XCRemoteSwiftPackageReference "Kingfisher" */;
			productName = Kingfisher;
		};
		F974303C2913CE33004A94A5 /* Alamofire */ = {
			isa = XCSwiftPackageProductDependency;
			package = F974303B2913CE33004A94A5 /* XCRemoteSwiftPackageReference "Alamofire" */;
			productName = Alamofire;
		};
/* End XCSwiftPackageProductDependency section */
	};
	rootObject = F974301F2913CDAD004A94A5 /* Project object */;
}
